
Microsoft Visual Studio Solution File, Format Version 12.00
Project("{FAE04EC0-301F-11D3-BF4B-00C04F79EFBC}") = "EasyLib", "EasyLib\EasyLib.csproj", "{6E59995D-0011-4D79-9FBD-D75EFCBF0683}"
EndProject
Project("{FAE04EC0-301F-11D3-BF4B-00C04F79EFBC}") = "EasySave.Tests", "EasySave.Tests\EasySave.Tests.csproj", "{CADAFE28-403C-4DB3-817A-3854E9032384}"
EndProject
Project("{FAE04EC0-301F-11D3-BF4B-00C04F79EFBC}") = "EasyCLI", "EasyCLI\EasyCLI.csproj", "{C4A7C961-60D0-4F92-AD12-B4D71C0F1539}"
EndProject
Project("{FAE04EC0-301F-11D3-BF4B-00C04F79EFBC}") = "EasyGUI", "EasyGUI\EasyGUI.csproj", "{FEB5ACA1-FC50-4B72-A367-82A90E4652EF}"
EndProject
Global
	GlobalSection(SolutionConfigurationPlatforms) = preSolution
		Debug|Any CPU = Debug|Any CPU
		Release|Any CPU = Release|Any CPU
	EndGlobalSection
	GlobalSection(ProjectConfigurationPlatforms) = postSolution
		{6E59995D-0011-4D79-9FBD-D75EFCBF0683}.Debug|Any CPU.ActiveCfg = Debug|Any CPU
		{6E59995D-0011-4D79-9FBD-D75EFCBF0683}.Debug|Any CPU.Build.0 = Debug|Any CPU
		{6E59995D-0011-4D79-9FBD-D75EFCBF0683}.Release|Any CPU.ActiveCfg = Release|Any CPU
		{6E59995D-0011-4D79-9FBD-D75EFCBF0683}.Release|Any CPU.Build.0 = Release|Any CPU
		{CADAFE28-403C-4DB3-817A-3854E9032384}.Debug|Any CPU.ActiveCfg = Debug|Any CPU
		{CADAFE28-403C-4DB3-817A-3854E9032384}.Debug|Any CPU.Build.0 = Debug|Any CPU
		{CADAFE28-403C-4DB3-817A-3854E9032384}.Release|Any CPU.ActiveCfg = Release|Any CPU
		{CADAFE28-403C-4DB3-817A-3854E9032384}.Release|Any CPU.Build.0 = Release|Any CPU
		{C4A7C961-60D0-4F92-AD12-B4D71C0F1539}.Debug|Any CPU.ActiveCfg = Debug|Any CPU
		{C4A7C961-60D0-4F92-AD12-B4D71C0F1539}.Debug|Any CPU.Build.0 = Debug|Any CPU
		{C4A7C961-60D0-4F92-AD12-B4D71C0F1539}.Release|Any CPU.ActiveCfg = Release|Any CPU
		{C4A7C961-60D0-4F92-AD12-B4D71C0F1539}.Release|Any CPU.Build.0 = Release|Any CPU
		{FEB5ACA1-FC50-4B72-A367-82A90E4652EF}.Debug|Any CPU.ActiveCfg = Debug|Any CPU
		{FEB5ACA1-FC50-4B72-A367-82A90E4652EF}.Debug|Any CPU.Build.0 = Debug|Any CPU
		{FEB5ACA1-FC50-4B72-A367-82A90E4652EF}.Release|Any CPU.ActiveCfg = Release|Any CPU
		{FEB5ACA1-FC50-4B72-A367-82A90E4652EF}.Release|Any CPU.Build.0 = Release|Any CPU
	EndGlobalSection
EndGlobal
